{
  "name": "test2.0",
  "version": "1.0.0",
  "lockfileVersion": 1,
  "requires": true,
  "dependencies": {
    "@github/task-lists-element": {
      "version": "0.2.1",
      "resolved": "http://registry.npm.taobao.org/@github/task-lists-element/download/@github/task-lists-element-0.2.1.tgz",
      "integrity": "sha1-jrjVIszJHa7twc1cWfYtXsSk9+A="
    }
  }
}
